
Microsoft Visual Studio Solution File, Format Version 12.00
# Visual Studio Version 17
VisualStudioVersion = 17.5.33516.290
MinimumVisualStudioVersion = 10.0.40219.1
Project("{FAE04EC0-301F-11D3-BF4B-00C04F79EFBC}") = "CB_proj", "CB_proj\CB_proj.csproj", "{9C0B86F7-441F-4FBE-9239-9C0FF40B74D9}"
EndProject
Global
	GlobalSection(SolutionConfigurationPlatforms) = preSolution
		Debug|Any CPU = Debug|Any CPU
		Release|Any CPU = Release|Any CPU
	EndGlobalSection
	GlobalSection(ProjectConfigurationPlatforms) = postSolution
		{9C0B86F7-441F-4FBE-9239-9C0FF40B74D9}.Debug|Any CPU.ActiveCfg = Debug|Any CPU
		{9C0B86F7-441F-4FBE-9239-9C0FF40B74D9}.Debug|Any CPU.Build.0 = Debug|Any CPU
		{9C0B86F7-441F-4FBE-9239-9C0FF40B74D9}.Release|Any CPU.ActiveCfg = Release|Any CPU
		{9C0B86F7-441F-4FBE-9239-9C0FF40B74D9}.Release|Any CPU.Build.0 = Release|Any CPU
	EndGlobalSection
	GlobalSection(SolutionProperties) = preSolution
		HideSolutionNode = FALSE
	EndGlobalSection
	GlobalSection(ExtensibilityGlobals) = postSolution
		SolutionGuid = {E9571DF6-C329-4563-BEA3-EB93BEBECED4}
	EndGlobalSection
EndGlobal
